
Microsoft Visual Studio Solution File, Format Version 12.00
Project("{FAE04EC0-301F-11D3-BF4B-00C04F79EFBC}") = "DFD_StdMgm", "DFD_StdMgm\DFD_StdMgm.csproj", "{037AF84F-4768-40D8-B111-04FA378F4C70}"
EndProject
Global
	GlobalSection(SolutionConfigurationPlatforms) = preSolution
		Debug|Any CPU = Debug|Any CPU
		Release|Any CPU = Release|Any CPU
	EndGlobalSection
	GlobalSection(ProjectConfigurationPlatforms) = postSolution
		{037AF84F-4768-40D8-B111-04FA378F4C70}.Debug|Any CPU.ActiveCfg = Debug|Any CPU
		{037AF84F-4768-40D8-B111-04FA378F4C70}.Debug|Any CPU.Build.0 = Debug|Any CPU
		{037AF84F-4768-40D8-B111-04FA378F4C70}.Release|Any CPU.ActiveCfg = Release|Any CPU
		{037AF84F-4768-40D8-B111-04FA378F4C70}.Release|Any CPU.Build.0 = Release|Any CPU
	EndGlobalSection
EndGlobal
